# This file is autogenerated, do not edit; changes may be undone by the next 'dep ensure'.


[[projects]]
  branch = "master"
  digest = "1:4a56a109a6185707d4d820f5188404f9cc1bdecb7b4a905d4edfd91d4137ebdc"
  name = "github.com/go-gl/glfw"
  packages = ["v3.2/glfw"]
  pruneopts = "UT"
  revision = "e6da0acd62b1b57ee2799d4d0a76a7d4514dc5bc"

[[projects]]
  branch = "master"
  digest = "1:f14d1b50e0075fb00177f12a96dd7addf93d1e2883c25befd17285b779549795"
  name = "github.com/gopherjs/gopherjs"
  packages = ["js"]
  pruneopts = "UT"
  revision = "5d271430af9f3def750dcd7d6fc19eecfead4d2c"

[[projects]]
  digest = "1:94f6a77a051b8e2c6e8c280ce298dcd1028ed345f2209e630cdc606d59767f97"
  name = "github.com/gopherjs/gopherwasm"
  packages = ["js"]
  pruneopts = "UT"
  revision = "f5a54963d451109f20622db5b6a055569ec6b4c6"
  version = "v1.1.0"

[[projects]]
  digest = "1:25e6f289818426988926bc1f6213805d836d7cd3af6caaa5d4873baef47b5bfd"
  name = "github.com/hajimehoshi/ebiten"
  packages = [
    ".",
    "ebitenutil",
    "ebitenutil/internal/assets",
    "inpututil",
    "internal/affine",
    "internal/clock",
    "internal/devicescale",
    "internal/glfw",
    "internal/graphics",
    "internal/graphicscommand",
    "internal/graphicsdriver",
    "internal/graphicsdriver/metal",
    "internal/graphicsdriver/metal/ca",
    "internal/graphicsdriver/metal/mtl",
    "internal/graphicsdriver/metal/ns",
    "internal/graphicsdriver/opengl",
    "internal/graphicsdriver/opengl/gl",
    "internal/hooks",
    "internal/input",
    "internal/mainthread",
    "internal/packing",
    "internal/png",
    "internal/restorable",
    "internal/shareable",
    "internal/ui",
    "internal/web",
  ]
  pruneopts = "UT"
  revision = "de341ca9ac939ada6e7c74925e6a56318f1eb5f5"
  version = "v1.9.3"

[[projects]]
  digest = "1:d344db195f1d05eba613b142ee764b2005ed32ab002c9c1009b571000a00171e"
  name = "github.com/jakecoffman/cp"
  packages = ["."]
  pruneopts = "UT"
  revision = "60599de060a3f3a74e56c442ea18263ce34a4c7d"
  version = "v0.1.0"

[[projects]]
  branch = "master"
  digest = "1:03c431037693b859e79a17033e22c5353c4533ea37068536f17400bc477b7cb7"
  name = "golang.org/x/exp"
  packages = [
    "shiny/driver/gldriver",
    "shiny/driver/internal/drawer",
    "shiny/driver/internal/errscreen",
    "shiny/driver/internal/event",
    "shiny/driver/internal/lifecycler",
    "shiny/driver/internal/win32",
    "shiny/driver/internal/x11key",
    "shiny/screen",
  ]
  pruneopts = "UT"
  revision = "c13cbed26979984b7dddd468b78daf72f8b4b473"

[[projects]]
  branch = "master"
  digest = "1:b92d5f74778f4766055011db9abc4bba54edbe5e690a544e6dbfe4dd90824719"
  name = "golang.org/x/image"
  packages = ["math/f64"]
  pruneopts = "UT"
  revision = "cb417be4ba39d22a85fafbeeb47bb89396d4d7b4"

[[projects]]
  branch = "master"
  digest = "1:da6d0c6bd0bab62ee6eafdfadb8664c0f66d666859394a88a21f5b6ee6beff90"
  name = "golang.org/x/mobile"
  packages = [
    "app",
    "app/internal/callfn",
    "event/key",
    "event/lifecycle",
    "event/mouse",
    "event/paint",
    "event/size",
    "event/touch",
    "geom",
    "gl",
    "internal/mobileinit",
  ]
  pruneopts = "UT"
  revision = "c6da959549601bce003ff9450e843ae4426f205d"

[[projects]]
  branch = "master"
  digest = "1:b521f10a2d8fa85c04a8ef4e62f2d1e14d303599a55d64dabf9f5a02f84d35eb"
  name = "golang.org/x/sync"
  packages = ["errgroup"]
  pruneopts = "UT"
  revision = "112230192c580c3556b8cee6403af37a4fc5f28c"

[[projects]]
  branch = "master"
  digest = "1:987499c627bcff67d9cb7edf394db35f7f6a01b46ec4cb3b975de0e4819ae8ed"
  name = "golang.org/x/sys"
  packages = ["windows"]
  pruneopts = "UT"
  revision = "749cb33beabd9aa6d3178e3de05bcc914f70b2bf"

[[projects]]
  branch = "master"
  digest = "1:da6c6c4f3f9e545f56ee4cba81b29e0e18357376c392f3ca98af546820f2d9eb"
  name = "golang.org/x/tools"
  packages = ["go/ast/astutil"]
  pruneopts = "UT"
  revision = "be0da057c5e3c2df569a2c25cd280149b7d7e7d0"

[solve-meta]
  analyzer-name = "dep"
  analyzer-version = 1
  input-imports = [
    "github.com/hajimehoshi/ebiten",
    "github.com/hajimehoshi/ebiten/ebitenutil",
    "github.com/hajimehoshi/ebiten/inpututil",
    "github.com/jakecoffman/cp",
  ]
  solver-name = "gps-cdcl"
  solver-version = 1
